
Microsoft Visual Studio Solution File, Format Version 12.00
# Visual Studio 15
VisualStudioVersion = 15.0.26124.0
MinimumVisualStudioVersion = 15.0.26124.0
Project("{FAE04EC0-301F-11D3-BF4B-00C04F79EFBC}") = "classlib1", "classlib1\classlib1.csproj", "{A078ADB4-1A3C-418C-BF88-346ABE0E9344}"
EndProject
Project("{FAE04EC0-301F-11D3-BF4B-00C04F79EFBC}") = "classlib2", "classlib2\classlib2.csproj", "{24C76251-5B14-4B0E-AA5C-6A4EBA517B7A}"
EndProject
Project("{FAE04EC0-301F-11D3-BF4B-00C04F79EFBC}") = "classlib3", "classlib3\classlib3.csproj", "{03BF87B4-CD28-4822-BF03-603EB88AE5AA}"
EndProject
Project("{FAE04EC0-301F-11D3-BF4B-00C04F79EFBC}") = "classlib4", "classlib4\classlib4.csproj", "{95ABB8A2-CFB5-4E5C-9592-257AA2D3C1BD}"
EndProject
Project("{FAE04EC0-301F-11D3-BF4B-00C04F79EFBC}") = "classlib5", "classlib5\classlib5.csproj", "{F9E4DA57-6D89-4139-A1EA-134C6C1F56D2}"
EndProject
Project("{FAE04EC0-301F-11D3-BF4B-00C04F79EFBC}") = "classlib6", "classlib6\classlib6.csproj", "{B255E212-D127-4D42-8416-4B8546201349}"
EndProject
Project("{FAE04EC0-301F-11D3-BF4B-00C04F79EFBC}") = "classlib7", "classlib7\classlib7.csproj", "{A281515A-2ECE-4BCE-A737-9A156ABD611E}"
EndProject
Project("{FAE04EC0-301F-11D3-BF4B-00C04F79EFBC}") = "classlib8", "classlib8\classlib8.csproj", "{02939812-A53E-4234-8183-BE8BEE3DD3D7}"
EndProject
Global
	GlobalSection(SolutionConfigurationPlatforms) = preSolution
		Debug|Any CPU = Debug|Any CPU
		Debug|x64 = Debug|x64
		Debug|x86 = Debug|x86
		Release|Any CPU = Release|Any CPU
		Release|x64 = Release|x64
		Release|x86 = Release|x86
	EndGlobalSection
	GlobalSection(SolutionProperties) = preSolution
		HideSolutionNode = FALSE
	EndGlobalSection
	GlobalSection(ProjectConfigurationPlatforms) = postSolution
		{A078ADB4-1A3C-418C-BF88-346ABE0E9344}.Debug|Any CPU.ActiveCfg = Debug|Any CPU
		{A078ADB4-1A3C-418C-BF88-346ABE0E9344}.Debug|Any CPU.Build.0 = Debug|Any CPU
		{A078ADB4-1A3C-418C-BF88-346ABE0E9344}.Debug|x64.ActiveCfg = Debug|Any CPU
		{A078ADB4-1A3C-418C-BF88-346ABE0E9344}.Debug|x64.Build.0 = Debug|Any CPU
		{A078ADB4-1A3C-418C-BF88-346ABE0E9344}.Debug|x86.ActiveCfg = Debug|Any CPU
		{A078ADB4-1A3C-418C-BF88-346ABE0E9344}.Debug|x86.Build.0 = Debug|Any CPU
		{A078ADB4-1A3C-418C-BF88-346ABE0E9344}.Release|Any CPU.ActiveCfg = Release|Any CPU
		{A078ADB4-1A3C-418C-BF88-346ABE0E9344}.Release|Any CPU.Build.0 = Release|Any CPU
		{A078ADB4-1A3C-418C-BF88-346ABE0E9344}.Release|x64.ActiveCfg = Release|Any CPU
		{A078ADB4-1A3C-418C-BF88-346ABE0E9344}.Release|x64.Build.0 = Release|Any CPU
		{A078ADB4-1A3C-418C-BF88-346ABE0E9344}.Release|x86.ActiveCfg = Release|Any CPU
		{A078ADB4-1A3C-418C-BF88-346ABE0E9344}.Release|x86.Build.0 = Release|Any CPU
		{24C76251-5B14-4B0E-AA5C-6A4EBA517B7A}.Debug|Any CPU.ActiveCfg = Debug|Any CPU
		{24C76251-5B14-4B0E-AA5C-6A4EBA517B7A}.Debug|Any CPU.Build.0 = Debug|Any CPU
		{24C76251-5B14-4B0E-AA5C-6A4EBA517B7A}.Debug|x64.ActiveCfg = Debug|Any CPU
		{24C76251-5B14-4B0E-AA5C-6A4EBA517B7A}.Debug|x64.Build.0 = Debug|Any CPU
		{24C76251-5B14-4B0E-AA5C-6A4EBA517B7A}.Debug|x86.ActiveCfg = Debug|Any CPU
		{24C76251-5B14-4B0E-AA5C-6A4EBA517B7A}.Debug|x86.Build.0 = Debug|Any CPU
		{24C76251-5B14-4B0E-AA5C-6A4EBA517B7A}.Release|Any CPU.ActiveCfg = Release|Any CPU
		{24C76251-5B14-4B0E-AA5C-6A4EBA517B7A}.Release|Any CPU.Build.0 = Release|Any CPU
		{24C76251-5B14-4B0E-AA5C-6A4EBA517B7A}.Release|x64.ActiveCfg = Release|Any CPU
		{24C76251-5B14-4B0E-AA5C-6A4EBA517B7A}.Release|x64.Build.0 = Release|Any CPU
		{24C76251-5B14-4B0E-AA5C-6A4EBA517B7A}.Release|x86.ActiveCfg = Release|Any CPU
		{24C76251-5B14-4B0E-AA5C-6A4EBA517B7A}.Release|x86.Build.0 = Release|Any CPU
		{03BF87B4-CD28-4822-BF03-603EB88AE5AA}.Debug|Any CPU.ActiveCfg = Debug|Any CPU
		{03BF87B4-CD28-4822-BF03-603EB88AE5AA}.Debug|Any CPU.Build.0 = Debug|Any CPU
		{03BF87B4-CD28-4822-BF03-603EB88AE5AA}.Debug|x64.ActiveCfg = Debug|Any CPU
		{03BF87B4-CD28-4822-BF03-603EB88AE5AA}.Debug|x64.Build.0 = Debug|Any CPU
		{03BF87B4-CD28-4822-BF03-603EB88AE5AA}.Debug|x86.ActiveCfg = Debug|Any CPU
		{03BF87B4-CD28-4822-BF03-603EB88AE5AA}.Debug|x86.Build.0 = Debug|Any CPU
		{03BF87B4-CD28-4822-BF03-603EB88AE5AA}.Release|Any CPU.ActiveCfg = Release|Any CPU
		{03BF87B4-CD28-4822-BF03-603EB88AE5AA}.Release|Any CPU.Build.0 = Release|Any CPU
		{03BF87B4-CD28-4822-BF03-603EB88AE5AA}.Release|x64.ActiveCfg = Release|Any CPU
		{03BF87B4-CD28-4822-BF03-603EB88AE5AA}.Release|x64.Build.0 = Release|Any CPU
		{03BF87B4-CD28-4822-BF03-603EB88AE5AA}.Release|x86.ActiveCfg = Release|Any CPU
		{03BF87B4-CD28-4822-BF03-603EB88AE5AA}.Release|x86.Build.0 = Release|Any CPU
		{95ABB8A2-CFB5-4E5C-9592-257AA2D3C1BD}.Debug|Any CPU.ActiveCfg = Debug|Any CPU
		{95ABB8A2-CFB5-4E5C-9592-257AA2D3C1BD}.Debug|Any CPU.Build.0 = Debug|Any CPU
		{95ABB8A2-CFB5-4E5C-9592-257AA2D3C1BD}.Debug|x64.ActiveCfg = Debug|Any CPU
		{95ABB8A2-CFB5-4E5C-9592-257AA2D3C1BD}.Debug|x64.Build.0 = Debug|Any CPU
		{95ABB8A2-CFB5-4E5C-9592-257AA2D3C1BD}.Debug|x86.ActiveCfg = Debug|Any CPU
		{95ABB8A2-CFB5-4E5C-9592-257AA2D3C1BD}.Debug|x86.Build.0 = Debug|Any CPU
		{95ABB8A2-CFB5-4E5C-9592-257AA2D3C1BD}.Release|Any CPU.ActiveCfg = Release|Any CPU
		{95ABB8A2-CFB5-4E5C-9592-257AA2D3C1BD}.Release|Any CPU.Build.0 = Release|Any CPU
		{95ABB8A2-CFB5-4E5C-9592-257AA2D3C1BD}.Release|x64.ActiveCfg = Release|Any CPU
		{95ABB8A2-CFB5-4E5C-9592-257AA2D3C1BD}.Release|x64.Build.0 = Release|Any CPU
		{95ABB8A2-CFB5-4E5C-9592-257AA2D3C1BD}.Release|x86.ActiveCfg = Release|Any CPU
		{95ABB8A2-CFB5-4E5C-9592-257AA2D3C1BD}.Release|x86.Build.0 = Release|Any CPU
		{F9E4DA57-6D89-4139-A1EA-134C6C1F56D2}.Debug|Any CPU.ActiveCfg = Debug|Any CPU
		{F9E4DA57-6D89-4139-A1EA-134C6C1F56D2}.Debug|Any CPU.Build.0 = Debug|Any CPU
		{F9E4DA57-6D89-4139-A1EA-134C6C1F56D2}.Debug|x64.ActiveCfg = Debug|Any CPU
		{F9E4DA57-6D89-4139-A1EA-134C6C1F56D2}.Debug|x64.Build.0 = Debug|Any CPU
		{F9E4DA57-6D89-4139-A1EA-134C6C1F56D2}.Debug|x86.ActiveCfg = Debug|Any CPU
		{F9E4DA57-6D89-4139-A1EA-134C6C1F56D2}.Debug|x86.Build.0 = Debug|Any CPU
		{F9E4DA57-6D89-4139-A1EA-134C6C1F56D2}.Release|Any CPU.ActiveCfg = Release|Any CPU
		{F9E4DA57-6D89-4139-A1EA-134C6C1F56D2}.Release|Any CPU.Build.0 = Release|Any CPU
		{F9E4DA57-6D89-4139-A1EA-134C6C1F56D2}.Release|x64.ActiveCfg = Release|Any CPU
		{F9E4DA57-6D89-4139-A1EA-134C6C1F56D2}.Release|x64.Build.0 = Release|Any CPU
		{F9E4DA57-6D89-4139-A1EA-134C6C1F56D2}.Release|x86.ActiveCfg = Release|Any CPU
		{F9E4DA57-6D89-4139-A1EA-134C6C1F56D2}.Release|x86.Build.0 = Release|Any CPU
		{B255E212-D127-4D42-8416-4B8546201349}.Debug|Any CPU.ActiveCfg = Debug|Any CPU
		{B255E212-D127-4D42-8416-4B8546201349}.Debug|Any CPU.Build.0 = Debug|Any CPU
		{B255E212-D127-4D42-8416-4B8546201349}.Debug|x64.ActiveCfg = Debug|Any CPU
		{B255E212-D127-4D42-8416-4B8546201349}.Debug|x64.Build.0 = Debug|Any CPU
		{B255E212-D127-4D42-8416-4B8546201349}.Debug|x86.ActiveCfg = Debug|Any CPU
		{B255E212-D127-4D42-8416-4B8546201349}.Debug|x86.Build.0 = Debug|Any CPU
		{B255E212-D127-4D42-8416-4B8546201349}.Release|Any CPU.ActiveCfg = Release|Any CPU
		{B255E212-D127-4D42-8416-4B8546201349}.Release|Any CPU.Build.0 = Release|Any CPU
		{B255E212-D127-4D42-8416-4B8546201349}.Release|x64.ActiveCfg = Release|Any CPU
		{B255E212-D127-4D42-8416-4B8546201349}.Release|x64.Build.0 = Release|Any CPU
		{B255E212-D127-4D42-8416-4B8546201349}.Release|x86.ActiveCfg = Release|Any CPU
		{B255E212-D127-4D42-8416-4B8546201349}.Release|x86.Build.0 = Release|Any CPU
		{A281515A-2ECE-4BCE-A737-9A156ABD611E}.Debug|Any CPU.ActiveCfg = Debug|Any CPU
		{A281515A-2ECE-4BCE-A737-9A156ABD611E}.Debug|Any CPU.Build.0 = Debug|Any CPU
		{A281515A-2ECE-4BCE-A737-9A156ABD611E}.Debug|x64.ActiveCfg = Debug|Any CPU
		{A281515A-2ECE-4BCE-A737-9A156ABD611E}.Debug|x64.Build.0 = Debug|Any CPU
		{A281515A-2ECE-4BCE-A737-9A156ABD611E}.Debug|x86.ActiveCfg = Debug|Any CPU
		{A281515A-2ECE-4BCE-A737-9A156ABD611E}.Debug|x86.Build.0 = Debug|Any CPU
		{A281515A-2ECE-4BCE-A737-9A156ABD611E}.Release|Any CPU.ActiveCfg = Release|Any CPU
		{A281515A-2ECE-4BCE-A737-9A156ABD611E}.Release|Any CPU.Build.0 = Release|Any CPU
		{A281515A-2ECE-4BCE-A737-9A156ABD611E}.Release|x64.ActiveCfg = Release|Any CPU
		{A281515A-2ECE-4BCE-A737-9A156ABD611E}.Release|x64.Build.0 = Release|Any CPU
		{A281515A-2ECE-4BCE-A737-9A156ABD611E}.Release|x86.ActiveCfg = Release|Any CPU
		{A281515A-2ECE-4BCE-A737-9A156ABD611E}.Release|x86.Build.0 = Release|Any CPU
		{02939812-A53E-4234-8183-BE8BEE3DD3D7}.Debug|Any CPU.ActiveCfg = Debug|Any CPU
		{02939812-A53E-4234-8183-BE8BEE3DD3D7}.Debug|Any CPU.Build.0 = Debug|Any CPU
		{02939812-A53E-4234-8183-BE8BEE3DD3D7}.Debug|x64.ActiveCfg = Debug|Any CPU
		{02939812-A53E-4234-8183-BE8BEE3DD3D7}.Debug|x64.Build.0 = Debug|Any CPU
		{02939812-A53E-4234-8183-BE8BEE3DD3D7}.Debug|x86.ActiveCfg = Debug|Any CPU
		{02939812-A53E-4234-8183-BE8BEE3DD3D7}.Debug|x86.Build.0 = Debug|Any CPU
		{02939812-A53E-4234-8183-BE8BEE3DD3D7}.Release|Any CPU.ActiveCfg = Release|Any CPU
		{02939812-A53E-4234-8183-BE8BEE3DD3D7}.Release|Any CPU.Build.0 = Release|Any CPU
		{02939812-A53E-4234-8183-BE8BEE3DD3D7}.Release|x64.ActiveCfg = Release|Any CPU
		{02939812-A53E-4234-8183-BE8BEE3DD3D7}.Release|x64.Build.0 = Release|Any CPU
		{02939812-A53E-4234-8183-BE8BEE3DD3D7}.Release|x86.ActiveCfg = Release|Any CPU
		{02939812-A53E-4234-8183-BE8BEE3DD3D7}.Release|x86.Build.0 = Release|Any CPU
	EndGlobalSection
EndGlobal
